// !$*UTF8*$!
{
	archiveVersion = 1;
	classes = {
	};
	objectVersion = 50;
	objects = {

/* Begin PBXBuildFile section */
		1027733025E56BB6004B746B /* AppDelegate.swift in Sources */ = {isa = PBXBuildFile; fileRef = 1027732F25E56BB6004B746B /* AppDelegate.swift */; };
		1027733225E56BB6004B746B /* SceneDelegate.swift in Sources */ = {isa = PBXBuildFile; fileRef = 1027733125E56BB6004B746B /* SceneDelegate.swift */; };
		1027733425E56BB6004B746B /* SettingViewController.swift in Sources */ = {isa = PBXBuildFile; fileRef = 1027733325E56BB6004B746B /* SettingViewController.swift */; };
		1027733925E56BB8004B746B /* Assets.xcassets in Resources */ = {isa = PBXBuildFile; fileRef = 1027733825E56BB8004B746B /* Assets.xcassets */; };
		1027733C25E56BB8004B746B /* LaunchScreen.storyboard in Resources */ = {isa = PBXBuildFile; fileRef = 1027733A25E56BB8004B746B /* LaunchScreen.storyboard */; };
		1027734725E56BB8004B746B /* KeyChainStoreTests.swift in Sources */ = {isa = PBXBuildFile; fileRef = 1027734625E56BB8004B746B /* KeyChainStoreTests.swift */; };
		1027735225E56BB8004B746B /* StockdoUITests.swift in Sources */ = {isa = PBXBuildFile; fileRef = 1027735125E56BB8004B746B /* StockdoUITests.swift */; };
		1027736825E56CE1004B746B /* KeyChainStore.swift in Sources */ = {isa = PBXBuildFile; fileRef = 1027736725E56CE1004B746B /* KeyChainStore.swift */; };
		1027737225E56E19004B746B /* KeyChainStoreError.swift in Sources */ = {isa = PBXBuildFile; fileRef = 1027737125E56E19004B746B /* KeyChainStoreError.swift */; };
		1027738325E574E1004B746B /* KeyChainStoreQueryable.swift in Sources */ = {isa = PBXBuildFile; fileRef = 1027738225E574E1004B746B /* KeyChainStoreQueryable.swift */; };
		1027739625E57C94004B746B /* UIView+Constraints.swift in Sources */ = {isa = PBXBuildFile; fileRef = 1027739525E57C94004B746B /* UIView+Constraints.swift */; };
		1046EA8425E5E9160067199E /* TabBarViewController.swift in Sources */ = {isa = PBXBuildFile; fileRef = 1046EA8325E5E9160067199E /* TabBarViewController.swift */; };
		1046EA8A25E5EB360067199E /* JumpToController.swift in Sources */ = {isa = PBXBuildFile; fileRef = 1046EA8925E5EB360067199E /* JumpToController.swift */; };
		1046EA9625E5EF250067199E /* IntradayViewController.swift in Sources */ = {isa = PBXBuildFile; fileRef = 1046EA9525E5EF250067199E /* IntradayViewController.swift */; };
		1046EA9B25E5EF3F0067199E /* DailyAdjustedViewController.swift in Sources */ = {isa = PBXBuildFile; fileRef = 1046EA9A25E5EF3F0067199E /* DailyAdjustedViewController.swift */; };
		1046EAA725E5FAEE0067199E /* SettingViewModel.swift in Sources */ = {isa = PBXBuildFile; fileRef = 1046EAA625E5FAEE0067199E /* SettingViewModel.swift */; };
		1046EAAF25E606250067199E /* SettingHeader.swift in Sources */ = {isa = PBXBuildFile; fileRef = 1046EAAE25E606250067199E /* SettingHeader.swift */; };
		1046EAD925E611840067199E /* SettingCell.swift in Sources */ = {isa = PBXBuildFile; fileRef = 1046EAD825E611840067199E /* SettingCell.swift */; };
		1046EAE125E615670067199E /* CustomTextField.swift in Sources */ = {isa = PBXBuildFile; fileRef = 1046EAE025E615670067199E /* CustomTextField.swift */; };
		1046EAE625E62EA70067199E /* SettingConfiguration.swift in Sources */ = {isa = PBXBuildFile; fileRef = 1046EAE525E62EA70067199E /* SettingConfiguration.swift */; };
		1046EAEB25E638120067199E /* Builder.swift in Sources */ = {isa = PBXBuildFile; fileRef = 1046EAEA25E638120067199E /* Builder.swift */; };
		1046EAF025E638400067199E /* IntervalPickerView.swift in Sources */ = {isa = PBXBuildFile; fileRef = 1046EAEF25E638400067199E /* IntervalPickerView.swift */; };
		1046EAF625E63ACA0067199E /* InteractiveModalTransitioningDelegate.swift in Sources */ = {isa = PBXBuildFile; fileRef = 1046EAF525E63ACA0067199E /* InteractiveModalTransitioningDelegate.swift */; };
		1046EAFB25E63AEF0067199E /* InteractiveModalPresentationController.swift in Sources */ = {isa = PBXBuildFile; fileRef = 1046EAFA25E63AEF0067199E /* InteractiveModalPresentationController.swift */; };
		1046EB0125E63BD30067199E /* AppData.swift in Sources */ = {isa = PBXBuildFile; fileRef = 1046EB0025E63BD30067199E /* AppData.swift */; };
		1046EB0925E63C010067199E /* Defaults.swift in Sources */ = {isa = PBXBuildFile; fileRef = 1046EB0825E63C010067199E /* Defaults.swift */; };
		1046EB0E25E63D190067199E /* OutputSizePickerView.swift in Sources */ = {isa = PBXBuildFile; fileRef = 1046EB0D25E63D190067199E /* OutputSizePickerView.swift */; };
		1046EB1C25E68FA00067199E /* IntradayStock.swift in Sources */ = {isa = PBXBuildFile; fileRef = 1046EB1B25E68FA00067199E /* IntradayStock.swift */; };
		1046EB2425E6A4A70067199E /* DailyStock.swift in Sources */ = {isa = PBXBuildFile; fileRef = 1046EB2325E6A4A70067199E /* DailyStock.swift */; };
		1046EB2E25E6AB010067199E /* Services.swift in Sources */ = {isa = PBXBuildFile; fileRef = 1046EB2D25E6AB010067199E /* Services.swift */; };
/* End PBXBuildFile section */

/* Begin PBXContainerItemProxy section */
		1027734325E56BB8004B746B /* PBXContainerItemProxy */ = {
			isa = PBXContainerItemProxy;
			containerPortal = 1027732425E56BB6004B746B /* Project object */;
			proxyType = 1;
			remoteGlobalIDString = 1027732B25E56BB6004B746B;
			remoteInfo = Stockdo;
		};
		1027734E25E56BB8004B746B /* PBXContainerItemProxy */ = {
			isa = PBXContainerItemProxy;
			containerPortal = 1027732425E56BB6004B746B /* Project object */;
			proxyType = 1;
			remoteGlobalIDString = 1027732B25E56BB6004B746B;
			remoteInfo = Stockdo;
		};
/* End PBXContainerItemProxy section */

/* Begin PBXFileReference section */
		1027732C25E56BB6004B746B /* Stockdo.app */ = {isa = PBXFileReference; explicitFileType = wrapper.application; includeInIndex = 0; path = Stockdo.app; sourceTree = BUILT_PRODUCTS_DIR; };
		1027732F25E56BB6004B746B /* AppDelegate.swift */ = {isa = PBXFileReference; lastKnownFileType = sourcecode.swift; path = AppDelegate.swift; sourceTree = "<group>"; };
		1027733125E56BB6004B746B /* SceneDelegate.swift */ = {isa = PBXFileReference; lastKnownFileType = sourcecode.swift; path = SceneDelegate.swift; sourceTree = "<group>"; };
		1027733325E56BB6004B746B /* SettingViewController.swift */ = {isa = PBXFileReference; lastKnownFileType = sourcecode.swift; path = SettingViewController.swift; sourceTree = "<group>"; };
		1027733825E56BB8004B746B /* Assets.xcassets */ = {isa = PBXFileReference; lastKnownFileType = folder.assetcatalog; path = Assets.xcassets; sourceTree = "<group>"; };
		1027733B25E56BB8004B746B /* Base */ = {isa = PBXFileReference; lastKnownFileType = file.storyboard; name = Base; path = Base.lproj/LaunchScreen.storyboard; sourceTree = "<group>"; };
		1027733D25E56BB8004B746B /* Info.plist */ = {isa = PBXFileReference; lastKnownFileType = text.plist.xml; path = Info.plist; sourceTree = "<group>"; };
		1027734225E56BB8004B746B /* StockdoTests.xctest */ = {isa = PBXFileReference; explicitFileType = wrapper.cfbundle; includeInIndex = 0; path = StockdoTests.xctest; sourceTree = BUILT_PRODUCTS_DIR; };
		1027734625E56BB8004B746B /* KeyChainStoreTests.swift */ = {isa = PBXFileReference; lastKnownFileType = sourcecode.swift; path = KeyChainStoreTests.swift; sourceTree = "<group>"; };
		1027734825E56BB8004B746B /* Info.plist */ = {isa = PBXFileReference; lastKnownFileType = text.plist.xml; path = Info.plist; sourceTree = "<group>"; };
		1027734D25E56BB8004B746B /* StockdoUITests.xctest */ = {isa = PBXFileReference; explicitFileType = wrapper.cfbundle; includeInIndex = 0; path = StockdoUITests.xctest; sourceTree = BUILT_PRODUCTS_DIR; };
		1027735125E56BB8004B746B /* StockdoUITests.swift */ = {isa = PBXFileReference; lastKnownFileType = sourcecode.swift; path = StockdoUITests.swift; sourceTree = "<group>"; };
		1027735325E56BB8004B746B /* Info.plist */ = {isa = PBXFileReference; lastKnownFileType = text.plist.xml; path = Info.plist; sourceTree = "<group>"; };
		1027736725E56CE1004B746B /* KeyChainStore.swift */ = {isa = PBXFileReference; lastKnownFileType = sourcecode.swift; path = KeyChainStore.swift; sourceTree = "<group>"; };
		1027737125E56E19004B746B /* KeyChainStoreError.swift */ = {isa = PBXFileReference; lastKnownFileType = sourcecode.swift; path = KeyChainStoreError.swift; sourceTree = "<group>"; };
		1027738225E574E1004B746B /* KeyChainStoreQueryable.swift */ = {isa = PBXFileReference; lastKnownFileType = sourcecode.swift; path = KeyChainStoreQueryable.swift; sourceTree = "<group>"; };
		1027739525E57C94004B746B /* UIView+Constraints.swift */ = {isa = PBXFileReference; lastKnownFileType = sourcecode.swift; path = "UIView+Constraints.swift"; sourceTree = "<group>"; };
		1046EA8325E5E9160067199E /* TabBarViewController.swift */ = {isa = PBXFileReference; lastKnownFileType = sourcecode.swift; path = TabBarViewController.swift; sourceTree = "<group>"; };
		1046EA8925E5EB360067199E /* JumpToController.swift */ = {isa = PBXFileReference; lastKnownFileType = sourcecode.swift; path = JumpToController.swift; sourceTree = "<group>"; };
		1046EA9525E5EF250067199E /* IntradayViewController.swift */ = {isa = PBXFileReference; lastKnownFileType = sourcecode.swift; path = IntradayViewController.swift; sourceTree = "<group>"; };
		1046EA9A25E5EF3F0067199E /* DailyAdjustedViewController.swift */ = {isa = PBXFileReference; lastKnownFileType = sourcecode.swift; path = DailyAdjustedViewController.swift; sourceTree = "<group>"; };
		1046EAA625E5FAEE0067199E /* SettingViewModel.swift */ = {isa = PBXFileReference; lastKnownFileType = sourcecode.swift; path = SettingViewModel.swift; sourceTree = "<group>"; };
		1046EAAE25E606250067199E /* SettingHeader.swift */ = {isa = PBXFileReference; lastKnownFileType = sourcecode.swift; path = SettingHeader.swift; sourceTree = "<group>"; };
		1046EAD825E611840067199E /* SettingCell.swift */ = {isa = PBXFileReference; lastKnownFileType = sourcecode.swift; path = SettingCell.swift; sourceTree = "<group>"; };
		1046EAE025E615670067199E /* CustomTextField.swift */ = {isa = PBXFileReference; lastKnownFileType = sourcecode.swift; path = CustomTextField.swift; sourceTree = "<group>"; };
		1046EAE525E62EA70067199E /* SettingConfiguration.swift */ = {isa = PBXFileReference; lastKnownFileType = sourcecode.swift; path = SettingConfiguration.swift; sourceTree = "<group>"; };
		1046EAEA25E638120067199E /* Builder.swift */ = {isa = PBXFileReference; lastKnownFileType = sourcecode.swift; path = Builder.swift; sourceTree = "<group>"; };
		1046EAEF25E638400067199E /* IntervalPickerView.swift */ = {isa = PBXFileReference; lastKnownFileType = sourcecode.swift; path = IntervalPickerView.swift; sourceTree = "<group>"; };
		1046EAF525E63ACA0067199E /* InteractiveModalTransitioningDelegate.swift */ = {isa = PBXFileReference; lastKnownFileType = sourcecode.swift; path = InteractiveModalTransitioningDelegate.swift; sourceTree = "<group>"; };
		1046EAFA25E63AEF0067199E /* InteractiveModalPresentationController.swift */ = {isa = PBXFileReference; lastKnownFileType = sourcecode.swift; path = InteractiveModalPresentationController.swift; sourceTree = "<group>"; };
		1046EB0025E63BD30067199E /* AppData.swift */ = {isa = PBXFileReference; lastKnownFileType = sourcecode.swift; path = AppData.swift; sourceTree = "<group>"; };
		1046EB0825E63C010067199E /* Defaults.swift */ = {isa = PBXFileReference; lastKnownFileType = sourcecode.swift; path = Defaults.swift; sourceTree = "<group>"; };
		1046EB0D25E63D190067199E /* OutputSizePickerView.swift */ = {isa = PBXFileReference; lastKnownFileType = sourcecode.swift; path = OutputSizePickerView.swift; sourceTree = "<group>"; };
		1046EB1B25E68FA00067199E /* IntradayStock.swift */ = {isa = PBXFileReference; lastKnownFileType = sourcecode.swift; path = IntradayStock.swift; sourceTree = "<group>"; };
		1046EB2325E6A4A70067199E /* DailyStock.swift */ = {isa = PBXFileReference; lastKnownFileType = sourcecode.swift; path = DailyStock.swift; sourceTree = "<group>"; };
		1046EB2D25E6AB010067199E /* Services.swift */ = {isa = PBXFileReference; lastKnownFileType = sourcecode.swift; path = Services.swift; sourceTree = "<group>"; };
/* End PBXFileReference section */

/* Begin PBXFrameworksBuildPhase section */
		1027732925E56BB6004B746B /* Frameworks */ = {
			isa = PBXFrameworksBuildPhase;
			buildActionMask = 2147483647;
			files = (
			);
			runOnlyForDeploymentPostprocessing = 0;
		};
		1027733F25E56BB8004B746B /* Frameworks */ = {
			isa = PBXFrameworksBuildPhase;
			buildActionMask = 2147483647;
			files = (
			);
			runOnlyForDeploymentPostprocessing = 0;
		};
		1027734A25E56BB8004B746B /* Frameworks */ = {
			isa = PBXFrameworksBuildPhase;
			buildActionMask = 2147483647;
			files = (
			);
			runOnlyForDeploymentPostprocessing = 0;
		};
/* End PBXFrameworksBuildPhase section */

/* Begin PBXGroup section */
		1027732325E56BB6004B746B = {
			isa = PBXGroup;
			children = (
				1027732E25E56BB6004B746B /* Stockdo */,
				1027734525E56BB8004B746B /* StockdoTests */,
				1027735025E56BB8004B746B /* StockdoUITests */,
				1027732D25E56BB6004B746B /* Products */,
			);
			sourceTree = "<group>";
		};
		1027732D25E56BB6004B746B /* Products */ = {
			isa = PBXGroup;
			children = (
				1027732C25E56BB6004B746B /* Stockdo.app */,
				1027734225E56BB8004B746B /* StockdoTests.xctest */,
				1027734D25E56BB8004B746B /* StockdoUITests.xctest */,
			);
			name = Products;
			sourceTree = "<group>";
		};
		1027732E25E56BB6004B746B /* Stockdo */ = {
			isa = PBXGroup;
			children = (
				1046EAFF25E63BC60067199E /* Model */,
				1046EAD725E611710067199E /* View */,
				1046EAA525E5FADE0067199E /* ViewModel */,
				1027738725E575FC004B746B /* Application */,
				1046EA8825E5EB240067199E /* Protocols */,
				1046EA9125E5EF0D0067199E /* Controller */,
				1027736525E56C8A004B746B /* Service */,
				1027739425E57C66004B746B /* Extensions */,
				1046EAF425E63A9F0067199E /* Utility */,
				1027733825E56BB8004B746B /* Assets.xcassets */,
				1027733A25E56BB8004B746B /* LaunchScreen.storyboard */,
				1027733D25E56BB8004B746B /* Info.plist */,
			);
			path = Stockdo;
			sourceTree = "<group>";
		};
		1027734525E56BB8004B746B /* StockdoTests */ = {
			isa = PBXGroup;
			children = (
				1027734625E56BB8004B746B /* KeyChainStoreTests.swift */,
				1027734825E56BB8004B746B /* Info.plist */,
			);
			path = StockdoTests;
			sourceTree = "<group>";
		};
		1027735025E56BB8004B746B /* StockdoUITests */ = {
			isa = PBXGroup;
			children = (
				1027735125E56BB8004B746B /* StockdoUITests.swift */,
				1027735325E56BB8004B746B /* Info.plist */,
			);
			path = StockdoUITests;
			sourceTree = "<group>";
		};
		1027736525E56C8A004B746B /* Service */ = {
			isa = PBXGroup;
			children = (
				1046EB2C25E6AAE70067199E /* APIService */,
				1027736625E56C98004B746B /* KeyChainService */,
			);
			path = Service;
			sourceTree = "<group>";
		};
		1027736625E56C98004B746B /* KeyChainService */ = {
			isa = PBXGroup;
			children = (
				1027736725E56CE1004B746B /* KeyChainStore.swift */,
				1027737125E56E19004B746B /* KeyChainStoreError.swift */,
				1027738225E574E1004B746B /* KeyChainStoreQueryable.swift */,
			);
			path = KeyChainService;
			sourceTree = "<group>";
		};
		1027738725E575FC004B746B /* Application */ = {
			isa = PBXGroup;
			children = (
				1027732F25E56BB6004B746B /* AppDelegate.swift */,
				1027733125E56BB6004B746B /* SceneDelegate.swift */,
			);
			path = Application;
			sourceTree = "<group>";
		};
		1027739425E57C66004B746B /* Extensions */ = {
			isa = PBXGroup;
			children = (
				1027739525E57C94004B746B /* UIView+Constraints.swift */,
			);
			path = Extensions;
			sourceTree = "<group>";
		};
		1046EA8825E5EB240067199E /* Protocols */ = {
			isa = PBXGroup;
			children = (
				1046EA8925E5EB360067199E /* JumpToController.swift */,
				1046EAE525E62EA70067199E /* SettingConfiguration.swift */,
				1046EAEA25E638120067199E /* Builder.swift */,
			);
			path = Protocols;
			sourceTree = "<group>";
		};
		1046EA9125E5EF0D0067199E /* Controller */ = {
			isa = PBXGroup;
			children = (
				1046EA9525E5EF250067199E /* IntradayViewController.swift */,
				1046EA9A25E5EF3F0067199E /* DailyAdjustedViewController.swift */,
				1027733325E56BB6004B746B /* SettingViewController.swift */,
				1046EA8325E5E9160067199E /* TabBarViewController.swift */,
			);
			path = Controller;
			sourceTree = "<group>";
		};
		1046EAA525E5FADE0067199E /* ViewModel */ = {
			isa = PBXGroup;
			children = (
				1046EAA625E5FAEE0067199E /* SettingViewModel.swift */,
				1046EAAE25E606250067199E /* SettingHeader.swift */,
			);
			path = ViewModel;
			sourceTree = "<group>";
		};
		1046EAD725E611710067199E /* View */ = {
			isa = PBXGroup;
			children = (
				1046EAD825E611840067199E /* SettingCell.swift */,
				1046EAE025E615670067199E /* CustomTextField.swift */,
				1046EAEF25E638400067199E /* IntervalPickerView.swift */,
				1046EB0D25E63D190067199E /* OutputSizePickerView.swift */,
			);
			path = View;
			sourceTree = "<group>";
		};
		1046EAF425E63A9F0067199E /* Utility */ = {
			isa = PBXGroup;
			children = (
				1046EAF525E63ACA0067199E /* InteractiveModalTransitioningDelegate.swift */,
				1046EAFA25E63AEF0067199E /* InteractiveModalPresentationController.swift */,
				1046EB0825E63C010067199E /* Defaults.swift */,
			);
			path = Utility;
			sourceTree = "<group>";
		};
		1046EAFF25E63BC60067199E /* Model */ = {
			isa = PBXGroup;
			children = (
				1046EB0025E63BD30067199E /* AppData.swift */,
				1046EB2825E6AADA0067199E /* APIModel */,
			);
			path = Model;
			sourceTree = "<group>";
		};
		1046EB2825E6AADA0067199E /* APIModel */ = {
			isa = PBXGroup;
			children = (
				1046EB1B25E68FA00067199E /* IntradayStock.swift */,
				1046EB2325E6A4A70067199E /* DailyStock.swift */,
			);
			path = APIModel;
			sourceTree = "<group>";
		};
		1046EB2C25E6AAE70067199E /* APIService */ = {
			isa = PBXGroup;
			children = (
				1046EB2D25E6AB010067199E /* Services.swift */,
			);
			path = APIService;
			sourceTree = "<group>";
		};
/* End PBXGroup section */

/* Begin PBXNativeTarget section */
		1027732B25E56BB6004B746B /* Stockdo */ = {
			isa = PBXNativeTarget;
			buildConfigurationList = 1027735625E56BB8004B746B /* Build configuration list for PBXNativeTarget "Stockdo" */;
			buildPhases = (
				1027732825E56BB6004B746B /* Sources */,
				1027732925E56BB6004B746B /* Frameworks */,
				1027732A25E56BB6004B746B /* Resources */,
			);
			buildRules = (
			);
			dependencies = (
			);
			name = Stockdo;
			productName = Stockdo;
			productReference = 1027732C25E56BB6004B746B /* Stockdo.app */;
			productType = "com.apple.product-type.application";
		};
		1027734125E56BB8004B746B /* StockdoTests */ = {
			isa = PBXNativeTarget;
			buildConfigurationList = 1027735925E56BB8004B746B /* Build configuration list for PBXNativeTarget "StockdoTests" */;
			buildPhases = (
				1027733E25E56BB8004B746B /* Sources */,
				1027733F25E56BB8004B746B /* Frameworks */,
				1027734025E56BB8004B746B /* Resources */,
			);
			buildRules = (
			);
			dependencies = (
				1027734425E56BB8004B746B /* PBXTargetDependency */,
			);
			name = StockdoTests;
			productName = StockdoTests;
			productReference = 1027734225E56BB8004B746B /* StockdoTests.xctest */;
			productType = "com.apple.product-type.bundle.unit-test";
		};
		1027734C25E56BB8004B746B /* StockdoUITests */ = {
			isa = PBXNativeTarget;
			buildConfigurationList = 1027735C25E56BB8004B746B /* Build configuration list for PBXNativeTarget "StockdoUITests" */;
			buildPhases = (
				1027734925E56BB8004B746B /* Sources */,
				1027734A25E56BB8004B746B /* Frameworks */,
				1027734B25E56BB8004B746B /* Resources */,
			);
			buildRules = (
			);
			dependencies = (
				1027734F25E56BB8004B746B /* PBXTargetDependency */,
			);
			name = StockdoUITests;
			productName = StockdoUITests;
			productReference = 1027734D25E56BB8004B746B /* StockdoUITests.xctest */;
			productType = "com.apple.product-type.bundle.ui-testing";
		};
/* End PBXNativeTarget section */

/* Begin PBXProject section */
		1027732425E56BB6004B746B /* Project object */ = {
			isa = PBXProject;
			attributes = {
				LastSwiftUpdateCheck = 1200;
				LastUpgradeCheck = 1200;
				TargetAttributes = {
					1027732B25E56BB6004B746B = {
						CreatedOnToolsVersion = 12.0.1;
					};
					1027734125E56BB8004B746B = {
						CreatedOnToolsVersion = 12.0.1;
						TestTargetID = 1027732B25E56BB6004B746B;
					};
					1027734C25E56BB8004B746B = {
						CreatedOnToolsVersion = 12.0.1;
						TestTargetID = 1027732B25E56BB6004B746B;
					};
				};
			};
			buildConfigurationList = 1027732725E56BB6004B746B /* Build configuration list for PBXProject "Stockdo" */;
			compatibilityVersion = "Xcode 9.3";
			developmentRegion = en;
			hasScannedForEncodings = 0;
			knownRegions = (
				en,
				Base,
			);
			mainGroup = 1027732325E56BB6004B746B;
			productRefGroup = 1027732D25E56BB6004B746B /* Products */;
			projectDirPath = "";
			projectRoot = "";
			targets = (
				1027732B25E56BB6004B746B /* Stockdo */,
				1027734125E56BB8004B746B /* StockdoTests */,
				1027734C25E56BB8004B746B /* StockdoUITests */,
			);
		};
/* End PBXProject section */

/* Begin PBXResourcesBuildPhase section */
		1027732A25E56BB6004B746B /* Resources */ = {
			isa = PBXResourcesBuildPhase;
			buildActionMask = 2147483647;
			files = (
				1027733C25E56BB8004B746B /* LaunchScreen.storyboard in Resources */,
				1027733925E56BB8004B746B /* Assets.xcassets in Resources */,
			);
			runOnlyForDeploymentPostprocessing = 0;
		};
		1027734025E56BB8004B746B /* Resources */ = {
			isa = PBXResourcesBuildPhase;
			buildActionMask = 2147483647;
			files = (
			);
			runOnlyForDeploymentPostprocessing = 0;
		};
		1027734B25E56BB8004B746B /* Resources */ = {
			isa = PBXResourcesBuildPhase;
			buildActionMask = 2147483647;
			files = (
			);
			runOnlyForDeploymentPostprocessing = 0;
		};
/* End PBXResourcesBuildPhase section */

/* Begin PBXSourcesBuildPhase section */
		1027732825E56BB6004B746B /* Sources */ = {
			isa = PBXSourcesBuildPhase;
			buildActionMask = 2147483647;
			files = (
				1046EA8425E5E9160067199E /* TabBarViewController.swift in Sources */,
				1046EAF025E638400067199E /* IntervalPickerView.swift in Sources */,
				1046EA8A25E5EB360067199E /* JumpToController.swift in Sources */,
				1027733425E56BB6004B746B /* SettingViewController.swift in Sources */,
				1027733025E56BB6004B746B /* AppDelegate.swift in Sources */,
				1046EAD925E611840067199E /* SettingCell.swift in Sources */,
				1027738325E574E1004B746B /* KeyChainStoreQueryable.swift in Sources */,
				1046EB0E25E63D190067199E /* OutputSizePickerView.swift in Sources */,
				1027739625E57C94004B746B /* UIView+Constraints.swift in Sources */,
				1046EAEB25E638120067199E /* Builder.swift in Sources */,
				1027737225E56E19004B746B /* KeyChainStoreError.swift in Sources */,
				1046EAA725E5FAEE0067199E /* SettingViewModel.swift in Sources */,
				1027733225E56BB6004B746B /* SceneDelegate.swift in Sources */,
				1046EB2E25E6AB010067199E /* Services.swift in Sources */,
				1046EAF625E63ACA0067199E /* InteractiveModalTransitioningDelegate.swift in Sources */,
				1046EA9B25E5EF3F0067199E /* DailyAdjustedViewController.swift in Sources */,
				1046EAE625E62EA70067199E /* SettingConfiguration.swift in Sources */,
				1046EA9625E5EF250067199E /* IntradayViewController.swift in Sources */,
				1046EAAF25E606250067199E /* SettingHeader.swift in Sources */,
				1046EB1C25E68FA00067199E /* IntradayStock.swift in Sources */,
				1046EB2425E6A4A70067199E /* DailyStock.swift in Sources */,
				1027736825E56CE1004B746B /* KeyChainStore.swift in Sources */,
				1046EAFB25E63AEF0067199E /* InteractiveModalPresentationController.swift in Sources */,
				1046EAE125E615670067199E /* CustomTextField.swift in Sources */,
				1046EB0125E63BD30067199E /* AppData.swift in Sources */,
				1046EB0925E63C010067199E /* Defaults.swift in Sources */,
			);
			runOnlyForDeploymentPostprocessing = 0;
		};
		1027733E25E56BB8004B746B /* Sources */ = {
			isa = PBXSourcesBuildPhase;
			buildActionMask = 2147483647;
			files = (
				1027734725E56BB8004B746B /* KeyChainStoreTests.swift in Sources */,
			);
			runOnlyForDeploymentPostprocessing = 0;
		};
		1027734925E56BB8004B746B /* Sources */ = {
			isa = PBXSourcesBuildPhase;
			buildActionMask = 2147483647;
			files = (
				1027735225E56BB8004B746B /* StockdoUITests.swift in Sources */,
			);
			runOnlyForDeploymentPostprocessing = 0;
		};
/* End PBXSourcesBuildPhase section */

/* Begin PBXTargetDependency section */
		1027734425E56BB8004B746B /* PBXTargetDependency */ = {
			isa = PBXTargetDependency;
			target = 1027732B25E56BB6004B746B /* Stockdo */;
			targetProxy = 1027734325E56BB8004B746B /* PBXContainerItemProxy */;
		};
		1027734F25E56BB8004B746B /* PBXTargetDependency */ = {
			isa = PBXTargetDependency;
			target = 1027732B25E56BB6004B746B /* Stockdo */;
			targetProxy = 1027734E25E56BB8004B746B /* PBXContainerItemProxy */;
		};
/* End PBXTargetDependency section */

/* Begin PBXVariantGroup section */
		1027733A25E56BB8004B746B /* LaunchScreen.storyboard */ = {
			isa = PBXVariantGroup;
			children = (
				1027733B25E56BB8004B746B /* Base */,
			);
			name = LaunchScreen.storyboard;
			sourceTree = "<group>";
		};
/* End PBXVariantGroup section */

/* Begin XCBuildConfiguration section */
		1027735425E56BB8004B746B /* Debug */ = {
			isa = XCBuildConfiguration;
			buildSettings = {
				ALWAYS_SEARCH_USER_PATHS = NO;
				CLANG_ANALYZER_NONNULL = YES;
				CLANG_ANALYZER_NUMBER_OBJECT_CONVERSION = YES_AGGRESSIVE;
				CLANG_CXX_LANGUAGE_STANDARD = "gnu++14";
				CLANG_CXX_LIBRARY = "libc++";
				CLANG_ENABLE_MODULES = YES;
				CLANG_ENABLE_OBJC_ARC = YES;
				CLANG_ENABLE_OBJC_WEAK = YES;
				CLANG_WARN_BLOCK_CAPTURE_AUTORELEASING = YES;
				CLANG_WARN_BOOL_CONVERSION = YES;
				CLANG_WARN_COMMA = YES;
				CLANG_WARN_CONSTANT_CONVERSION = YES;
				CLANG_WARN_DEPRECATED_OBJC_IMPLEMENTATIONS = YES;
				CLANG_WARN_DIRECT_OBJC_ISA_USAGE = YES_ERROR;
				CLANG_WARN_DOCUMENTATION_COMMENTS = YES;
				CLANG_WARN_EMPTY_BODY = YES;
				CLANG_WARN_ENUM_CONVERSION = YES;
				CLANG_WARN_INFINITE_RECURSION = YES;
				CLANG_WARN_INT_CONVERSION = YES;
				CLANG_WARN_NON_LITERAL_NULL_CONVERSION = YES;
				CLANG_WARN_OBJC_IMPLICIT_RETAIN_SELF = YES;
				CLANG_WARN_OBJC_LITERAL_CONVERSION = YES;
				CLANG_WARN_OBJC_ROOT_CLASS = YES_ERROR;
				CLANG_WARN_QUOTED_INCLUDE_IN_FRAMEWORK_HEADER = YES;
				CLANG_WARN_RANGE_LOOP_ANALYSIS = YES;
				CLANG_WARN_STRICT_PROTOTYPES = YES;
				CLANG_WARN_SUSPICIOUS_MOVE = YES;
				CLANG_WARN_UNGUARDED_AVAILABILITY = YES_AGGRESSIVE;
				CLANG_WARN_UNREACHABLE_CODE = YES;
				CLANG_WARN__DUPLICATE_METHOD_MATCH = YES;
				COPY_PHASE_STRIP = NO;
				DEBUG_INFORMATION_FORMAT = dwarf;
				ENABLE_STRICT_OBJC_MSGSEND = YES;
				ENABLE_TESTABILITY = YES;
				GCC_C_LANGUAGE_STANDARD = gnu11;
				GCC_DYNAMIC_NO_PIC = NO;
				GCC_NO_COMMON_BLOCKS = YES;
				GCC_OPTIMIZATION_LEVEL = 0;
				GCC_PREPROCESSOR_DEFINITIONS = (
					"DEBUG=1",
					"$(inherited)",
				);
				GCC_WARN_64_TO_32_BIT_CONVERSION = YES;
				GCC_WARN_ABOUT_RETURN_TYPE = YES_ERROR;
				GCC_WARN_UNDECLARED_SELECTOR = YES;
				GCC_WARN_UNINITIALIZED_AUTOS = YES_AGGRESSIVE;
				GCC_WARN_UNUSED_FUNCTION = YES;
				GCC_WARN_UNUSED_VARIABLE = YES;
				IPHONEOS_DEPLOYMENT_TARGET = 14.0;
				MTL_ENABLE_DEBUG_INFO = INCLUDE_SOURCE;
				MTL_FAST_MATH = YES;
				ONLY_ACTIVE_ARCH = YES;
				SDKROOT = iphoneos;
				SWIFT_ACTIVE_COMPILATION_CONDITIONS = DEBUG;
				SWIFT_OPTIMIZATION_LEVEL = "-Onone";
			};
			name = Debug;
		};
		1027735525E56BB8004B746B /* Release */ = {
			isa = XCBuildConfiguration;
			buildSettings = {
				ALWAYS_SEARCH_USER_PATHS = NO;
				CLANG_ANALYZER_NONNULL = YES;
				CLANG_ANALYZER_NUMBER_OBJECT_CONVERSION = YES_AGGRESSIVE;
				CLANG_CXX_LANGUAGE_STANDARD = "gnu++14";
				CLANG_CXX_LIBRARY = "libc++";
				CLANG_ENABLE_MODULES = YES;
				CLANG_ENABLE_OBJC_ARC = YES;
				CLANG_ENABLE_OBJC_WEAK = YES;
				CLANG_WARN_BLOCK_CAPTURE_AUTORELEASING = YES;
				CLANG_WARN_BOOL_CONVERSION = YES;
				CLANG_WARN_COMMA = YES;
				CLANG_WARN_CONSTANT_CONVERSION = YES;
				CLANG_WARN_DEPRECATED_OBJC_IMPLEMENTATIONS = YES;
				CLANG_WARN_DIRECT_OBJC_ISA_USAGE = YES_ERROR;
				CLANG_WARN_DOCUMENTATION_COMMENTS = YES;
				CLANG_WARN_EMPTY_BODY = YES;
				CLANG_WARN_ENUM_CONVERSION = YES;
				CLANG_WARN_INFINITE_RECURSION = YES;
				CLANG_WARN_INT_CONVERSION = YES;
				CLANG_WARN_NON_LITERAL_NULL_CONVERSION = YES;
				CLANG_WARN_OBJC_IMPLICIT_RETAIN_SELF = YES;
				CLANG_WARN_OBJC_LITERAL_CONVERSION = YES;
				CLANG_WARN_OBJC_ROOT_CLASS = YES_ERROR;
				CLANG_WARN_QUOTED_INCLUDE_IN_FRAMEWORK_HEADER = YES;
				CLANG_WARN_RANGE_LOOP_ANALYSIS = YES;
				CLANG_WARN_STRICT_PROTOTYPES = YES;
				CLANG_WARN_SUSPICIOUS_MOVE = YES;
				CLANG_WARN_UNGUARDED_AVAILABILITY = YES_AGGRESSIVE;
				CLANG_WARN_UNREACHABLE_CODE = YES;
				CLANG_WARN__DUPLICATE_METHOD_MATCH = YES;
				COPY_PHASE_STRIP = NO;
				DEBUG_INFORMATION_FORMAT = "dwarf-with-dsym";
				ENABLE_NS_ASSERTIONS = NO;
				ENABLE_STRICT_OBJC_MSGSEND = YES;
				GCC_C_LANGUAGE_STANDARD = gnu11;
				GCC_NO_COMMON_BLOCKS = YES;
				GCC_WARN_64_TO_32_BIT_CONVERSION = YES;
				GCC_WARN_ABOUT_RETURN_TYPE = YES_ERROR;
				GCC_WARN_UNDECLARED_SELECTOR = YES;
				GCC_WARN_UNINITIALIZED_AUTOS = YES_AGGRESSIVE;
				GCC_WARN_UNUSED_FUNCTION = YES;
				GCC_WARN_UNUSED_VARIABLE = YES;
				IPHONEOS_DEPLOYMENT_TARGET = 14.0;
				MTL_ENABLE_DEBUG_INFO = NO;
				MTL_FAST_MATH = YES;
				SDKROOT = iphoneos;
				SWIFT_COMPILATION_MODE = wholemodule;
				SWIFT_OPTIMIZATION_LEVEL = "-O";
				VALIDATE_PRODUCT = YES;
			};
			name = Release;
		};
		1027735725E56BB8004B746B /* Debug */ = {
			isa = XCBuildConfiguration;
			buildSettings = {
				ASSETCATALOG_COMPILER_APPICON_NAME = AppIcon;
				ASSETCATALOG_COMPILER_GLOBAL_ACCENT_COLOR_NAME = AccentColor;
				CODE_SIGN_STYLE = Automatic;
				DEVELOPMENT_TEAM = 5W5HYDSXPX;
				INFOPLIST_FILE = Stockdo/Info.plist;
				IPHONEOS_DEPLOYMENT_TARGET = 13.0;
				LD_RUNPATH_SEARCH_PATHS = (
					"$(inherited)",
					"@executable_path/Frameworks",
				);
				PRODUCT_BUNDLE_IDENTIFIER = com.Dayton.Stockdo;
				PRODUCT_NAME = "$(TARGET_NAME)";
				SWIFT_VERSION = 5.0;
				TARGETED_DEVICE_FAMILY = 1;
			};
			name = Debug;
		};
		1027735825E56BB8004B746B /* Release */ = {
			isa = XCBuildConfiguration;
			buildSettings = {
				ASSETCATALOG_COMPILER_APPICON_NAME = AppIcon;
				ASSETCATALOG_COMPILER_GLOBAL_ACCENT_COLOR_NAME = AccentColor;
				CODE_SIGN_STYLE = Automatic;
				DEVELOPMENT_TEAM = 5W5HYDSXPX;
				INFOPLIST_FILE = Stockdo/Info.plist;
				IPHONEOS_DEPLOYMENT_TARGET = 13.0;
				LD_RUNPATH_SEARCH_PATHS = (
					"$(inherited)",
					"@executable_path/Frameworks",
				);
				PRODUCT_BUNDLE_IDENTIFIER = com.Dayton.Stockdo;
				PRODUCT_NAME = "$(TARGET_NAME)";
				SWIFT_VERSION = 5.0;
				TARGETED_DEVICE_FAMILY = 1;
			};
			name = Release;
		};
		1027735A25E56BB8004B746B /* Debug */ = {
			isa = XCBuildConfiguration;
			buildSettings = {
				ALWAYS_EMBED_SWIFT_STANDARD_LIBRARIES = YES;
				BUNDLE_LOADER = "$(TEST_HOST)";
				CODE_SIGN_STYLE = Automatic;
				DEVELOPMENT_TEAM = 5W5HYDSXPX;
				INFOPLIST_FILE = StockdoTests/Info.plist;
				IPHONEOS_DEPLOYMENT_TARGET = 14.0;
				LD_RUNPATH_SEARCH_PATHS = (
					"$(inherited)",
					"@executable_path/Frameworks",
					"@loader_path/Frameworks",
				);
				PRODUCT_BUNDLE_IDENTIFIER = com.Dayton.StockdoTests;
				PRODUCT_NAME = "$(TARGET_NAME)";
				SWIFT_VERSION = 5.0;
				TARGETED_DEVICE_FAMILY = "1,2";
				TEST_HOST = "$(BUILT_PRODUCTS_DIR)/Stockdo.app/Stockdo";
			};
			name = Debug;
		};
		1027735B25E56BB8004B746B /* Release */ = {
			isa = XCBuildConfiguration;
			buildSettings = {
				ALWAYS_EMBED_SWIFT_STANDARD_LIBRARIES = YES;
				BUNDLE_LOADER = "$(TEST_HOST)";
				CODE_SIGN_STYLE = Automatic;
				DEVELOPMENT_TEAM = 5W5HYDSXPX;
				INFOPLIST_FILE = StockdoTests/Info.plist;
				IPHONEOS_DEPLOYMENT_TARGET = 14.0;
				LD_RUNPATH_SEARCH_PATHS = (
					"$(inherited)",
					"@executable_path/Frameworks",
					"@loader_path/Frameworks",
				);
				PRODUCT_BUNDLE_IDENTIFIER = com.Dayton.StockdoTests;
				PRODUCT_NAME = "$(TARGET_NAME)";
				SWIFT_VERSION = 5.0;
				TARGETED_DEVICE_FAMILY = "1,2";
				TEST_HOST = "$(BUILT_PRODUCTS_DIR)/Stockdo.app/Stockdo";
			};
			name = Release;
		};
		1027735D25E56BB8004B746B /* Debug */ = {
			isa = XCBuildConfiguration;
			buildSettings = {
				ALWAYS_EMBED_SWIFT_STANDARD_LIBRARIES = YES;
				CODE_SIGN_STYLE = Automatic;
				DEVELOPMENT_TEAM = 5W5HYDSXPX;
				INFOPLIST_FILE = StockdoUITests/Info.plist;
				LD_RUNPATH_SEARCH_PATHS = (
					"$(inherited)",
					"@executable_path/Frameworks",
					"@loader_path/Frameworks",
				);
				PRODUCT_BUNDLE_IDENTIFIER = com.Dayton.StockdoUITests;
				PRODUCT_NAME = "$(TARGET_NAME)";
				SWIFT_VERSION = 5.0;
				TARGETED_DEVICE_FAMILY = "1,2";
				TEST_TARGET_NAME = Stockdo;
			};
			name = Debug;
		};
		1027735E25E56BB8004B746B /* Release */ = {
			isa = XCBuildConfiguration;
			buildSettings = {
				ALWAYS_EMBED_SWIFT_STANDARD_LIBRARIES = YES;
				CODE_SIGN_STYLE = Automatic;
				DEVELOPMENT_TEAM = 5W5HYDSXPX;
				INFOPLIST_FILE = StockdoUITests/Info.plist;
				LD_RUNPATH_SEARCH_PATHS = (
					"$(inherited)",
					"@executable_path/Frameworks",
					"@loader_path/Frameworks",
				);
				PRODUCT_BUNDLE_IDENTIFIER = com.Dayton.StockdoUITests;
				PRODUCT_NAME = "$(TARGET_NAME)";
				SWIFT_VERSION = 5.0;
				TARGETED_DEVICE_FAMILY = "1,2";
				TEST_TARGET_NAME = Stockdo;
			};
			name = Release;
		};
/* End XCBuildConfiguration section */

/* Begin XCConfigurationList section */
		1027732725E56BB6004B746B /* Build configuration list for PBXProject "Stockdo" */ = {
			isa = XCConfigurationList;
			buildConfigurations = (
				1027735425E56BB8004B746B /* Debug */,
				1027735525E56BB8004B746B /* Release */,
			);
			defaultConfigurationIsVisible = 0;
			defaultConfigurationName = Release;
		};
		1027735625E56BB8004B746B /* Build configuration list for PBXNativeTarget "Stockdo" */ = {
			isa = XCConfigurationList;
			buildConfigurations = (
				1027735725E56BB8004B746B /* Debug */,
				1027735825E56BB8004B746B /* Release */,
			);
			defaultConfigurationIsVisible = 0;
			defaultConfigurationName = Release;
		};
		1027735925E56BB8004B746B /* Build configuration list for PBXNativeTarget "StockdoTests" */ = {
			isa = XCConfigurationList;
			buildConfigurations = (
				1027735A25E56BB8004B746B /* Debug */,
				1027735B25E56BB8004B746B /* Release */,
			);
			defaultConfigurationIsVisible = 0;
			defaultConfigurationName = Release;
		};
		1027735C25E56BB8004B746B /* Build configuration list for PBXNativeTarget "StockdoUITests" */ = {
			isa = XCConfigurationList;
			buildConfigurations = (
				1027735D25E56BB8004B746B /* Debug */,
				1027735E25E56BB8004B746B /* Release */,
			);
			defaultConfigurationIsVisible = 0;
			defaultConfigurationName = Release;
		};
/* End XCConfigurationList section */
	};
	rootObject = 1027732425E56BB6004B746B /* Project object */;
}
